
Microsoft Visual Studio Solution File, Format Version 12.00
# Visual Studio Version 16
VisualStudioVersion = 16.0.30114.105
MinimumVisualStudioVersion = 10.0.40219.1
Project("{2150E333-8FDC-42A3-9474-1A3956D46DE8}") = "Tests", "Tests", "{73619B28-6172-4CFE-8620-5772BDC85A14}"
EndProject
Project("{FAE04EC0-301F-11D3-BF4B-00C04F79EFBC}") = "07-Teste", "Tests\07-Teste\07-Teste.csproj", "{35A25AAD-E161-47AC-AD2E-86E95CD9DE4C}"
EndProject
Project("{2150E333-8FDC-42A3-9474-1A3956D46DE8}") = "Atividades", "Atividades", "{87A23649-9DC0-42B0-860C-3A3C34FC0EA1}"
EndProject
Project("{FAE04EC0-301F-11D3-BF4B-00C04F79EFBC}") = "07", "Atividades\07\07.csproj", "{1252DAA4-462C-4FD7-8AFB-172A3CF5A23F}"
EndProject
Project("{FAE04EC0-301F-11D3-BF4B-00C04F79EFBC}") = "01-Teste", "Tests\01-Teste\01-Teste.csproj", "{45D63189-DE73-48D6-880B-87A5AB816A5D}"
EndProject
Project("{FAE04EC0-301F-11D3-BF4B-00C04F79EFBC}") = "01", "Atividades\01\01.csproj", "{875CCB68-7D55-4811-BAAE-72B0E9C993B0}"
EndProject
Project("{FAE04EC0-301F-11D3-BF4B-00C04F79EFBC}") = "02-Teste", "Tests\02-Teste\02-Teste.csproj", "{670DB955-F893-4814-B6F9-F943866B182B}"
EndProject
Project("{FAE04EC0-301F-11D3-BF4B-00C04F79EFBC}") = "02", "Atividades\02\02.csproj", "{30E38403-C2EF-4424-AC07-501B5D4B9251}"
EndProject
Project("{FAE04EC0-301F-11D3-BF4B-00C04F79EFBC}") = "03", "Atividades\03\03.csproj", "{1C31E3EC-16A1-459E-87F6-D096D34FE2BC}"
EndProject
Project("{FAE04EC0-301F-11D3-BF4B-00C04F79EFBC}") = "03-Teste", "Tests\03-Teste\03-Teste.csproj", "{66E7EBAC-C915-408A-89A6-9CB213C0FBE8}"
EndProject
Project("{FAE04EC0-301F-11D3-BF4B-00C04F79EFBC}") = "Menu", "Atividades\Menu\Menu.csproj", "{B8501BA4-0157-4425-916B-C8C682CA9093}"
EndProject
Project("{FAE04EC0-301F-11D3-BF4B-00C04F79EFBC}") = "Jokenpo", "Atividades\Jokenpo\Jokenpo.csproj", "{1F38CF56-1FB0-498F-B7A0-6FD1430BFF90}"
EndProject
Project("{FAE04EC0-301F-11D3-BF4B-00C04F79EFBC}") = "JokenpoTeste", "Tests\JokenpoTeste\JokenpoTeste.csproj", "{CFF0116F-8024-413A-82CC-2640AFCF418A}"
EndProject
Project("{FAE04EC0-301F-11D3-BF4B-00C04F79EFBC}") = "FizzBuzz", "Atividades\FizzBuzz\FizzBuzz.csproj", "{48A5ED3D-6141-43DE-8121-4A414EDA5ECA}"
EndProject
Project("{FAE04EC0-301F-11D3-BF4B-00C04F79EFBC}") = "FizzBuzz-Teste", "Tests\FizzBuzz-Teste\FizzBuzz-Teste.csproj", "{829CDF2F-9BBB-485A-AB1C-6908EB7DF131}"
EndProject
Global
	GlobalSection(SolutionConfigurationPlatforms) = preSolution
		Debug|Any CPU = Debug|Any CPU
		Debug|x64 = Debug|x64
		Debug|x86 = Debug|x86
		Release|Any CPU = Release|Any CPU
		Release|x64 = Release|x64
		Release|x86 = Release|x86
	EndGlobalSection
	GlobalSection(SolutionProperties) = preSolution
		HideSolutionNode = FALSE
	EndGlobalSection
	GlobalSection(ProjectConfigurationPlatforms) = postSolution
		{35A25AAD-E161-47AC-AD2E-86E95CD9DE4C}.Debug|Any CPU.ActiveCfg = Debug|Any CPU
		{35A25AAD-E161-47AC-AD2E-86E95CD9DE4C}.Debug|Any CPU.Build.0 = Debug|Any CPU
		{35A25AAD-E161-47AC-AD2E-86E95CD9DE4C}.Debug|x64.ActiveCfg = Debug|Any CPU
		{35A25AAD-E161-47AC-AD2E-86E95CD9DE4C}.Debug|x64.Build.0 = Debug|Any CPU
		{35A25AAD-E161-47AC-AD2E-86E95CD9DE4C}.Debug|x86.ActiveCfg = Debug|Any CPU
		{35A25AAD-E161-47AC-AD2E-86E95CD9DE4C}.Debug|x86.Build.0 = Debug|Any CPU
		{35A25AAD-E161-47AC-AD2E-86E95CD9DE4C}.Release|Any CPU.ActiveCfg = Release|Any CPU
		{35A25AAD-E161-47AC-AD2E-86E95CD9DE4C}.Release|Any CPU.Build.0 = Release|Any CPU
		{35A25AAD-E161-47AC-AD2E-86E95CD9DE4C}.Release|x64.ActiveCfg = Release|Any CPU
		{35A25AAD-E161-47AC-AD2E-86E95CD9DE4C}.Release|x64.Build.0 = Release|Any CPU
		{35A25AAD-E161-47AC-AD2E-86E95CD9DE4C}.Release|x86.ActiveCfg = Release|Any CPU
		{35A25AAD-E161-47AC-AD2E-86E95CD9DE4C}.Release|x86.Build.0 = Release|Any CPU
		{1252DAA4-462C-4FD7-8AFB-172A3CF5A23F}.Debug|Any CPU.ActiveCfg = Debug|Any CPU
		{1252DAA4-462C-4FD7-8AFB-172A3CF5A23F}.Debug|Any CPU.Build.0 = Debug|Any CPU
		{1252DAA4-462C-4FD7-8AFB-172A3CF5A23F}.Debug|x64.ActiveCfg = Debug|Any CPU
		{1252DAA4-462C-4FD7-8AFB-172A3CF5A23F}.Debug|x64.Build.0 = Debug|Any CPU
		{1252DAA4-462C-4FD7-8AFB-172A3CF5A23F}.Debug|x86.ActiveCfg = Debug|Any CPU
		{1252DAA4-462C-4FD7-8AFB-172A3CF5A23F}.Debug|x86.Build.0 = Debug|Any CPU
		{1252DAA4-462C-4FD7-8AFB-172A3CF5A23F}.Release|Any CPU.ActiveCfg = Release|Any CPU
		{1252DAA4-462C-4FD7-8AFB-172A3CF5A23F}.Release|Any CPU.Build.0 = Release|Any CPU
		{1252DAA4-462C-4FD7-8AFB-172A3CF5A23F}.Release|x64.ActiveCfg = Release|Any CPU
		{1252DAA4-462C-4FD7-8AFB-172A3CF5A23F}.Release|x64.Build.0 = Release|Any CPU
		{1252DAA4-462C-4FD7-8AFB-172A3CF5A23F}.Release|x86.ActiveCfg = Release|Any CPU
		{1252DAA4-462C-4FD7-8AFB-172A3CF5A23F}.Release|x86.Build.0 = Release|Any CPU
		{45D63189-DE73-48D6-880B-87A5AB816A5D}.Debug|Any CPU.ActiveCfg = Debug|Any CPU
		{45D63189-DE73-48D6-880B-87A5AB816A5D}.Debug|Any CPU.Build.0 = Debug|Any CPU
		{45D63189-DE73-48D6-880B-87A5AB816A5D}.Debug|x64.ActiveCfg = Debug|Any CPU
		{45D63189-DE73-48D6-880B-87A5AB816A5D}.Debug|x64.Build.0 = Debug|Any CPU
		{45D63189-DE73-48D6-880B-87A5AB816A5D}.Debug|x86.ActiveCfg = Debug|Any CPU
		{45D63189-DE73-48D6-880B-87A5AB816A5D}.Debug|x86.Build.0 = Debug|Any CPU
		{45D63189-DE73-48D6-880B-87A5AB816A5D}.Release|Any CPU.ActiveCfg = Release|Any CPU
		{45D63189-DE73-48D6-880B-87A5AB816A5D}.Release|Any CPU.Build.0 = Release|Any CPU
		{45D63189-DE73-48D6-880B-87A5AB816A5D}.Release|x64.ActiveCfg = Release|Any CPU
		{45D63189-DE73-48D6-880B-87A5AB816A5D}.Release|x64.Build.0 = Release|Any CPU
		{45D63189-DE73-48D6-880B-87A5AB816A5D}.Release|x86.ActiveCfg = Release|Any CPU
		{45D63189-DE73-48D6-880B-87A5AB816A5D}.Release|x86.Build.0 = Release|Any CPU
		{875CCB68-7D55-4811-BAAE-72B0E9C993B0}.Debug|Any CPU.ActiveCfg = Debug|Any CPU
		{875CCB68-7D55-4811-BAAE-72B0E9C993B0}.Debug|Any CPU.Build.0 = Debug|Any CPU
		{875CCB68-7D55-4811-BAAE-72B0E9C993B0}.Debug|x64.ActiveCfg = Debug|Any CPU
		{875CCB68-7D55-4811-BAAE-72B0E9C993B0}.Debug|x64.Build.0 = Debug|Any CPU
		{875CCB68-7D55-4811-BAAE-72B0E9C993B0}.Debug|x86.ActiveCfg = Debug|Any CPU
		{875CCB68-7D55-4811-BAAE-72B0E9C993B0}.Debug|x86.Build.0 = Debug|Any CPU
		{875CCB68-7D55-4811-BAAE-72B0E9C993B0}.Release|Any CPU.ActiveCfg = Release|Any CPU
		{875CCB68-7D55-4811-BAAE-72B0E9C993B0}.Release|Any CPU.Build.0 = Release|Any CPU
		{875CCB68-7D55-4811-BAAE-72B0E9C993B0}.Release|x64.ActiveCfg = Release|Any CPU
		{875CCB68-7D55-4811-BAAE-72B0E9C993B0}.Release|x64.Build.0 = Release|Any CPU
		{875CCB68-7D55-4811-BAAE-72B0E9C993B0}.Release|x86.ActiveCfg = Release|Any CPU
		{875CCB68-7D55-4811-BAAE-72B0E9C993B0}.Release|x86.Build.0 = Release|Any CPU
		{670DB955-F893-4814-B6F9-F943866B182B}.Debug|Any CPU.ActiveCfg = Debug|Any CPU
		{670DB955-F893-4814-B6F9-F943866B182B}.Debug|Any CPU.Build.0 = Debug|Any CPU
		{670DB955-F893-4814-B6F9-F943866B182B}.Debug|x64.ActiveCfg = Debug|Any CPU
		{670DB955-F893-4814-B6F9-F943866B182B}.Debug|x64.Build.0 = Debug|Any CPU
		{670DB955-F893-4814-B6F9-F943866B182B}.Debug|x86.ActiveCfg = Debug|Any CPU
		{670DB955-F893-4814-B6F9-F943866B182B}.Debug|x86.Build.0 = Debug|Any CPU
		{670DB955-F893-4814-B6F9-F943866B182B}.Release|Any CPU.ActiveCfg = Release|Any CPU
		{670DB955-F893-4814-B6F9-F943866B182B}.Release|Any CPU.Build.0 = Release|Any CPU
		{670DB955-F893-4814-B6F9-F943866B182B}.Release|x64.ActiveCfg = Release|Any CPU
		{670DB955-F893-4814-B6F9-F943866B182B}.Release|x64.Build.0 = Release|Any CPU
		{670DB955-F893-4814-B6F9-F943866B182B}.Release|x86.ActiveCfg = Release|Any CPU
		{670DB955-F893-4814-B6F9-F943866B182B}.Release|x86.Build.0 = Release|Any CPU
		{30E38403-C2EF-4424-AC07-501B5D4B9251}.Debug|Any CPU.ActiveCfg = Debug|Any CPU
		{30E38403-C2EF-4424-AC07-501B5D4B9251}.Debug|Any CPU.Build.0 = Debug|Any CPU
		{30E38403-C2EF-4424-AC07-501B5D4B9251}.Debug|x64.ActiveCfg = Debug|Any CPU
		{30E38403-C2EF-4424-AC07-501B5D4B9251}.Debug|x64.Build.0 = Debug|Any CPU
		{30E38403-C2EF-4424-AC07-501B5D4B9251}.Debug|x86.ActiveCfg = Debug|Any CPU
		{30E38403-C2EF-4424-AC07-501B5D4B9251}.Debug|x86.Build.0 = Debug|Any CPU
		{30E38403-C2EF-4424-AC07-501B5D4B9251}.Release|Any CPU.ActiveCfg = Release|Any CPU
		{30E38403-C2EF-4424-AC07-501B5D4B9251}.Release|Any CPU.Build.0 = Release|Any CPU
		{30E38403-C2EF-4424-AC07-501B5D4B9251}.Release|x64.ActiveCfg = Release|Any CPU
		{30E38403-C2EF-4424-AC07-501B5D4B9251}.Release|x64.Build.0 = Release|Any CPU
		{30E38403-C2EF-4424-AC07-501B5D4B9251}.Release|x86.ActiveCfg = Release|Any CPU
		{30E38403-C2EF-4424-AC07-501B5D4B9251}.Release|x86.Build.0 = Release|Any CPU
		{1C31E3EC-16A1-459E-87F6-D096D34FE2BC}.Debug|Any CPU.ActiveCfg = Debug|Any CPU
		{1C31E3EC-16A1-459E-87F6-D096D34FE2BC}.Debug|Any CPU.Build.0 = Debug|Any CPU
		{1C31E3EC-16A1-459E-87F6-D096D34FE2BC}.Debug|x64.ActiveCfg = Debug|Any CPU
		{1C31E3EC-16A1-459E-87F6-D096D34FE2BC}.Debug|x64.Build.0 = Debug|Any CPU
		{1C31E3EC-16A1-459E-87F6-D096D34FE2BC}.Debug|x86.ActiveCfg = Debug|Any CPU
		{1C31E3EC-16A1-459E-87F6-D096D34FE2BC}.Debug|x86.Build.0 = Debug|Any CPU
		{1C31E3EC-16A1-459E-87F6-D096D34FE2BC}.Release|Any CPU.ActiveCfg = Release|Any CPU
		{1C31E3EC-16A1-459E-87F6-D096D34FE2BC}.Release|Any CPU.Build.0 = Release|Any CPU
		{1C31E3EC-16A1-459E-87F6-D096D34FE2BC}.Release|x64.ActiveCfg = Release|Any CPU
		{1C31E3EC-16A1-459E-87F6-D096D34FE2BC}.Release|x64.Build.0 = Release|Any CPU
		{1C31E3EC-16A1-459E-87F6-D096D34FE2BC}.Release|x86.ActiveCfg = Release|Any CPU
		{1C31E3EC-16A1-459E-87F6-D096D34FE2BC}.Release|x86.Build.0 = Release|Any CPU
		{66E7EBAC-C915-408A-89A6-9CB213C0FBE8}.Debug|Any CPU.ActiveCfg = Debug|Any CPU
		{66E7EBAC-C915-408A-89A6-9CB213C0FBE8}.Debug|Any CPU.Build.0 = Debug|Any CPU
		{66E7EBAC-C915-408A-89A6-9CB213C0FBE8}.Debug|x64.ActiveCfg = Debug|Any CPU
		{66E7EBAC-C915-408A-89A6-9CB213C0FBE8}.Debug|x64.Build.0 = Debug|Any CPU
		{66E7EBAC-C915-408A-89A6-9CB213C0FBE8}.Debug|x86.ActiveCfg = Debug|Any CPU
		{66E7EBAC-C915-408A-89A6-9CB213C0FBE8}.Debug|x86.Build.0 = Debug|Any CPU
		{66E7EBAC-C915-408A-89A6-9CB213C0FBE8}.Release|Any CPU.ActiveCfg = Release|Any CPU
		{66E7EBAC-C915-408A-89A6-9CB213C0FBE8}.Release|Any CPU.Build.0 = Release|Any CPU
		{66E7EBAC-C915-408A-89A6-9CB213C0FBE8}.Release|x64.ActiveCfg = Release|Any CPU
		{66E7EBAC-C915-408A-89A6-9CB213C0FBE8}.Release|x64.Build.0 = Release|Any CPU
		{66E7EBAC-C915-408A-89A6-9CB213C0FBE8}.Release|x86.ActiveCfg = Release|Any CPU
		{66E7EBAC-C915-408A-89A6-9CB213C0FBE8}.Release|x86.Build.0 = Release|Any CPU
		{B8501BA4-0157-4425-916B-C8C682CA9093}.Debug|Any CPU.ActiveCfg = Debug|Any CPU
		{B8501BA4-0157-4425-916B-C8C682CA9093}.Debug|Any CPU.Build.0 = Debug|Any CPU
		{B8501BA4-0157-4425-916B-C8C682CA9093}.Debug|x64.ActiveCfg = Debug|Any CPU
		{B8501BA4-0157-4425-916B-C8C682CA9093}.Debug|x64.Build.0 = Debug|Any CPU
		{B8501BA4-0157-4425-916B-C8C682CA9093}.Debug|x86.ActiveCfg = Debug|Any CPU
		{B8501BA4-0157-4425-916B-C8C682CA9093}.Debug|x86.Build.0 = Debug|Any CPU
		{B8501BA4-0157-4425-916B-C8C682CA9093}.Release|Any CPU.ActiveCfg = Release|Any CPU
		{B8501BA4-0157-4425-916B-C8C682CA9093}.Release|Any CPU.Build.0 = Release|Any CPU
		{B8501BA4-0157-4425-916B-C8C682CA9093}.Release|x64.ActiveCfg = Release|Any CPU
		{B8501BA4-0157-4425-916B-C8C682CA9093}.Release|x64.Build.0 = Release|Any CPU
		{B8501BA4-0157-4425-916B-C8C682CA9093}.Release|x86.ActiveCfg = Release|Any CPU
		{B8501BA4-0157-4425-916B-C8C682CA9093}.Release|x86.Build.0 = Release|Any CPU
		{1F38CF56-1FB0-498F-B7A0-6FD1430BFF90}.Debug|Any CPU.ActiveCfg = Debug|Any CPU
		{1F38CF56-1FB0-498F-B7A0-6FD1430BFF90}.Debug|Any CPU.Build.0 = Debug|Any CPU
		{1F38CF56-1FB0-498F-B7A0-6FD1430BFF90}.Debug|x64.ActiveCfg = Debug|Any CPU
		{1F38CF56-1FB0-498F-B7A0-6FD1430BFF90}.Debug|x64.Build.0 = Debug|Any CPU
		{1F38CF56-1FB0-498F-B7A0-6FD1430BFF90}.Debug|x86.ActiveCfg = Debug|Any CPU
		{1F38CF56-1FB0-498F-B7A0-6FD1430BFF90}.Debug|x86.Build.0 = Debug|Any CPU
		{1F38CF56-1FB0-498F-B7A0-6FD1430BFF90}.Release|Any CPU.ActiveCfg = Release|Any CPU
		{1F38CF56-1FB0-498F-B7A0-6FD1430BFF90}.Release|Any CPU.Build.0 = Release|Any CPU
		{1F38CF56-1FB0-498F-B7A0-6FD1430BFF90}.Release|x64.ActiveCfg = Release|Any CPU
		{1F38CF56-1FB0-498F-B7A0-6FD1430BFF90}.Release|x64.Build.0 = Release|Any CPU
		{1F38CF56-1FB0-498F-B7A0-6FD1430BFF90}.Release|x86.ActiveCfg = Release|Any CPU
		{1F38CF56-1FB0-498F-B7A0-6FD1430BFF90}.Release|x86.Build.0 = Release|Any CPU
		{CFF0116F-8024-413A-82CC-2640AFCF418A}.Debug|Any CPU.ActiveCfg = Debug|Any CPU
		{CFF0116F-8024-413A-82CC-2640AFCF418A}.Debug|Any CPU.Build.0 = Debug|Any CPU
		{CFF0116F-8024-413A-82CC-2640AFCF418A}.Debug|x64.ActiveCfg = Debug|Any CPU
		{CFF0116F-8024-413A-82CC-2640AFCF418A}.Debug|x64.Build.0 = Debug|Any CPU
		{CFF0116F-8024-413A-82CC-2640AFCF418A}.Debug|x86.ActiveCfg = Debug|Any CPU
		{CFF0116F-8024-413A-82CC-2640AFCF418A}.Debug|x86.Build.0 = Debug|Any CPU
		{CFF0116F-8024-413A-82CC-2640AFCF418A}.Release|Any CPU.ActiveCfg = Release|Any CPU
		{CFF0116F-8024-413A-82CC-2640AFCF418A}.Release|Any CPU.Build.0 = Release|Any CPU
		{CFF0116F-8024-413A-82CC-2640AFCF418A}.Release|x64.ActiveCfg = Release|Any CPU
		{CFF0116F-8024-413A-82CC-2640AFCF418A}.Release|x64.Build.0 = Release|Any CPU
		{CFF0116F-8024-413A-82CC-2640AFCF418A}.Release|x86.ActiveCfg = Release|Any CPU
		{CFF0116F-8024-413A-82CC-2640AFCF418A}.Release|x86.Build.0 = Release|Any CPU
		{48A5ED3D-6141-43DE-8121-4A414EDA5ECA}.Debug|Any CPU.ActiveCfg = Debug|Any CPU
		{48A5ED3D-6141-43DE-8121-4A414EDA5ECA}.Debug|Any CPU.Build.0 = Debug|Any CPU
		{48A5ED3D-6141-43DE-8121-4A414EDA5ECA}.Debug|x64.ActiveCfg = Debug|Any CPU
		{48A5ED3D-6141-43DE-8121-4A414EDA5ECA}.Debug|x64.Build.0 = Debug|Any CPU
		{48A5ED3D-6141-43DE-8121-4A414EDA5ECA}.Debug|x86.ActiveCfg = Debug|Any CPU
		{48A5ED3D-6141-43DE-8121-4A414EDA5ECA}.Debug|x86.Build.0 = Debug|Any CPU
		{48A5ED3D-6141-43DE-8121-4A414EDA5ECA}.Release|Any CPU.ActiveCfg = Release|Any CPU
		{48A5ED3D-6141-43DE-8121-4A414EDA5ECA}.Release|Any CPU.Build.0 = Release|Any CPU
		{48A5ED3D-6141-43DE-8121-4A414EDA5ECA}.Release|x64.ActiveCfg = Release|Any CPU
		{48A5ED3D-6141-43DE-8121-4A414EDA5ECA}.Release|x64.Build.0 = Release|Any CPU
		{48A5ED3D-6141-43DE-8121-4A414EDA5ECA}.Release|x86.ActiveCfg = Release|Any CPU
		{48A5ED3D-6141-43DE-8121-4A414EDA5ECA}.Release|x86.Build.0 = Release|Any CPU
		{829CDF2F-9BBB-485A-AB1C-6908EB7DF131}.Debug|Any CPU.ActiveCfg = Debug|Any CPU
		{829CDF2F-9BBB-485A-AB1C-6908EB7DF131}.Debug|Any CPU.Build.0 = Debug|Any CPU
		{829CDF2F-9BBB-485A-AB1C-6908EB7DF131}.Debug|x64.ActiveCfg = Debug|Any CPU
		{829CDF2F-9BBB-485A-AB1C-6908EB7DF131}.Debug|x64.Build.0 = Debug|Any CPU
		{829CDF2F-9BBB-485A-AB1C-6908EB7DF131}.Debug|x86.ActiveCfg = Debug|Any CPU
		{829CDF2F-9BBB-485A-AB1C-6908EB7DF131}.Debug|x86.Build.0 = Debug|Any CPU
		{829CDF2F-9BBB-485A-AB1C-6908EB7DF131}.Release|Any CPU.ActiveCfg = Release|Any CPU
		{829CDF2F-9BBB-485A-AB1C-6908EB7DF131}.Release|Any CPU.Build.0 = Release|Any CPU
		{829CDF2F-9BBB-485A-AB1C-6908EB7DF131}.Release|x64.ActiveCfg = Release|Any CPU
		{829CDF2F-9BBB-485A-AB1C-6908EB7DF131}.Release|x64.Build.0 = Release|Any CPU
		{829CDF2F-9BBB-485A-AB1C-6908EB7DF131}.Release|x86.ActiveCfg = Release|Any CPU
		{829CDF2F-9BBB-485A-AB1C-6908EB7DF131}.Release|x86.Build.0 = Release|Any CPU
	EndGlobalSection
	GlobalSection(NestedProjects) = preSolution
		{35A25AAD-E161-47AC-AD2E-86E95CD9DE4C} = {73619B28-6172-4CFE-8620-5772BDC85A14}
		{1252DAA4-462C-4FD7-8AFB-172A3CF5A23F} = {87A23649-9DC0-42B0-860C-3A3C34FC0EA1}
		{45D63189-DE73-48D6-880B-87A5AB816A5D} = {73619B28-6172-4CFE-8620-5772BDC85A14}
		{875CCB68-7D55-4811-BAAE-72B0E9C993B0} = {87A23649-9DC0-42B0-860C-3A3C34FC0EA1}
		{670DB955-F893-4814-B6F9-F943866B182B} = {73619B28-6172-4CFE-8620-5772BDC85A14}
		{30E38403-C2EF-4424-AC07-501B5D4B9251} = {87A23649-9DC0-42B0-860C-3A3C34FC0EA1}
		{1C31E3EC-16A1-459E-87F6-D096D34FE2BC} = {87A23649-9DC0-42B0-860C-3A3C34FC0EA1}
		{66E7EBAC-C915-408A-89A6-9CB213C0FBE8} = {73619B28-6172-4CFE-8620-5772BDC85A14}
		{B8501BA4-0157-4425-916B-C8C682CA9093} = {87A23649-9DC0-42B0-860C-3A3C34FC0EA1}
		{1F38CF56-1FB0-498F-B7A0-6FD1430BFF90} = {87A23649-9DC0-42B0-860C-3A3C34FC0EA1}
		{CFF0116F-8024-413A-82CC-2640AFCF418A} = {73619B28-6172-4CFE-8620-5772BDC85A14}
		{48A5ED3D-6141-43DE-8121-4A414EDA5ECA} = {87A23649-9DC0-42B0-860C-3A3C34FC0EA1}
		{829CDF2F-9BBB-485A-AB1C-6908EB7DF131} = {73619B28-6172-4CFE-8620-5772BDC85A14}
	EndGlobalSection
EndGlobal
